
Microsoft Visual Studio Solution File, Format Version 12.00
# Visual Studio Version 16
VisualStudioVersion = 16.0.31313.79
MinimumVisualStudioVersion = 10.0.40219.1
Project("{FAE04EC0-301F-11D3-BF4B-00C04F79EFBC}") = "EmployeeRegister", "EmployeeRegister\EmployeeRegister.csproj", "{C91D8C32-23C2-4E85-A114-C89911D5A92C}"
EndProject
Global
	GlobalSection(SolutionConfigurationPlatforms) = preSolution
		Debug|Any CPU = Debug|Any CPU
		Release|Any CPU = Release|Any CPU
	EndGlobalSection
	GlobalSection(ProjectConfigurationPlatforms) = postSolution
		{C91D8C32-23C2-4E85-A114-C89911D5A92C}.Debug|Any CPU.ActiveCfg = Debug|Any CPU
		{C91D8C32-23C2-4E85-A114-C89911D5A92C}.Debug|Any CPU.Build.0 = Debug|Any CPU
		{C91D8C32-23C2-4E85-A114-C89911D5A92C}.Release|Any CPU.ActiveCfg = Release|Any CPU
		{C91D8C32-23C2-4E85-A114-C89911D5A92C}.Release|Any CPU.Build.0 = Release|Any CPU
	EndGlobalSection
	GlobalSection(SolutionProperties) = preSolution
		HideSolutionNode = FALSE
	EndGlobalSection
	GlobalSection(ExtensibilityGlobals) = postSolution
		SolutionGuid = {EEA6B343-59E4-445E-8C00-B0E28A01EC96}
	EndGlobalSection
EndGlobal
